// !$*UTF8*$!
{
	archiveVersion = 1;
	classes = {
	};
	objectVersion = 46;
	objects = {

/* Begin PBXBuildFile section */
		EEFA5B781E55696700EF5D14 /* AppDelegate.swift in Sources */ = {isa = PBXBuildFile; fileRef = EEFA5B771E55696700EF5D14 /* AppDelegate.swift */; };
		EEFA5B7A1E55696700EF5D14 /* ViewController.swift in Sources */ = {isa = PBXBuildFile; fileRef = EEFA5B791E55696700EF5D14 /* ViewController.swift */; };
		EEFA5B7D1E55696700EF5D14 /* Main.storyboard in Resources */ = {isa = PBXBuildFile; fileRef = EEFA5B7B1E55696700EF5D14 /* Main.storyboard */; };
		EEFA5B7F1E55696700EF5D14 /* Assets.xcassets in Resources */ = {isa = PBXBuildFile; fileRef = EEFA5B7E1E55696700EF5D14 /* Assets.xcassets */; };
		EEFA5B821E55696700EF5D14 /* LaunchScreen.storyboard in Resources */ = {isa = PBXBuildFile; fileRef = EEFA5B801E55696700EF5D14 /* LaunchScreen.storyboard */; };
		EEFA5B8D1E55696700EF5D14 /* MonkeyPinchTests.swift in Sources */ = {isa = PBXBuildFile; fileRef = EEFA5B8C1E55696700EF5D14 /* MonkeyPinchTests.swift */; };
		EEFA5B981E55696700EF5D14 /* MonkeyPinchUITests.swift in Sources */ = {isa = PBXBuildFile; fileRef = EEFA5B971E55696700EF5D14 /* MonkeyPinchUITests.swift */; };
		EEFA5BAC1E55698D00EF5D14 /* banana.png in Resources */ = {isa = PBXBuildFile; fileRef = EEFA5BA61E55698D00EF5D14 /* banana.png */; };
		EEFA5BAD1E55698D00EF5D14 /* banana@2x.png in Resources */ = {isa = PBXBuildFile; fileRef = EEFA5BA71E55698D00EF5D14 /* banana@2x.png */; };
		EEFA5BAE1E55698D00EF5D14 /* chomp.caf in Resources */ = {isa = PBXBuildFile; fileRef = EEFA5BA81E55698D00EF5D14 /* chomp.caf */; };
		EEFA5BAF1E55698D00EF5D14 /* hehehe1.caf in Resources */ = {isa = PBXBuildFile; fileRef = EEFA5BA91E55698D00EF5D14 /* hehehe1.caf */; };
		EEFA5BB01E55698D00EF5D14 /* monkey.png in Resources */ = {isa = PBXBuildFile; fileRef = EEFA5BAA1E55698D00EF5D14 /* monkey.png */; };
		EEFA5BB11E55698D00EF5D14 /* monkey@2x.png in Resources */ = {isa = PBXBuildFile; fileRef = EEFA5BAB1E55698D00EF5D14 /* monkey@2x.png */; };
		EEFA5BB31E55893100EF5D14 /* TickleGestureRecognizer.swift in Sources */ = {isa = PBXBuildFile; fileRef = EEFA5BB21E55893100EF5D14 /* TickleGestureRecognizer.swift */; };
/* End PBXBuildFile section */

/* Begin PBXContainerItemProxy section */
		EEFA5B891E55696700EF5D14 /* PBXContainerItemProxy */ = {
			isa = PBXContainerItemProxy;
			containerPortal = EEFA5B6C1E55696600EF5D14 /* Project object */;
			proxyType = 1;
			remoteGlobalIDString = EEFA5B731E55696600EF5D14;
			remoteInfo = MonkeyPinch;
		};
		EEFA5B941E55696700EF5D14 /* PBXContainerItemProxy */ = {
			isa = PBXContainerItemProxy;
			containerPortal = EEFA5B6C1E55696600EF5D14 /* Project object */;
			proxyType = 1;
			remoteGlobalIDString = EEFA5B731E55696600EF5D14;
			remoteInfo = MonkeyPinch;
		};
/* End PBXContainerItemProxy section */

/* Begin PBXFileReference section */
		EEFA5B741E55696600EF5D14 /* MonkeyPinch.app */ = {isa = PBXFileReference; explicitFileType = wrapper.application; includeInIndex = 0; path = MonkeyPinch.app; sourceTree = BUILT_PRODUCTS_DIR; };
		EEFA5B771E55696700EF5D14 /* AppDelegate.swift */ = {isa = PBXFileReference; lastKnownFileType = sourcecode.swift; path = AppDelegate.swift; sourceTree = "<group>"; };
		EEFA5B791E55696700EF5D14 /* ViewController.swift */ = {isa = PBXFileReference; lastKnownFileType = sourcecode.swift; path = ViewController.swift; sourceTree = "<group>"; };
		EEFA5B7C1E55696700EF5D14 /* Base */ = {isa = PBXFileReference; lastKnownFileType = file.storyboard; name = Base; path = Base.lproj/Main.storyboard; sourceTree = "<group>"; };
		EEFA5B7E1E55696700EF5D14 /* Assets.xcassets */ = {isa = PBXFileReference; lastKnownFileType = folder.assetcatalog; path = Assets.xcassets; sourceTree = "<group>"; };
		EEFA5B811E55696700EF5D14 /* Base */ = {isa = PBXFileReference; lastKnownFileType = file.storyboard; name = Base; path = Base.lproj/LaunchScreen.storyboard; sourceTree = "<group>"; };
		EEFA5B831E55696700EF5D14 /* Info.plist */ = {isa = PBXFileReference; lastKnownFileType = text.plist.xml; path = Info.plist; sourceTree = "<group>"; };
		EEFA5B881E55696700EF5D14 /* MonkeyPinchTests.xctest */ = {isa = PBXFileReference; explicitFileType = wrapper.cfbundle; includeInIndex = 0; path = MonkeyPinchTests.xctest; sourceTree = BUILT_PRODUCTS_DIR; };
		EEFA5B8C1E55696700EF5D14 /* MonkeyPinchTests.swift */ = {isa = PBXFileReference; lastKnownFileType = sourcecode.swift; path = MonkeyPinchTests.swift; sourceTree = "<group>"; };
		EEFA5B8E1E55696700EF5D14 /* Info.plist */ = {isa = PBXFileReference; lastKnownFileType = text.plist.xml; path = Info.plist; sourceTree = "<group>"; };
		EEFA5B931E55696700EF5D14 /* MonkeyPinchUITests.xctest */ = {isa = PBXFileReference; explicitFileType = wrapper.cfbundle; includeInIndex = 0; path = MonkeyPinchUITests.xctest; sourceTree = BUILT_PRODUCTS_DIR; };
		EEFA5B971E55696700EF5D14 /* MonkeyPinchUITests.swift */ = {isa = PBXFileReference; lastKnownFileType = sourcecode.swift; path = MonkeyPinchUITests.swift; sourceTree = "<group>"; };
		EEFA5B991E55696700EF5D14 /* Info.plist */ = {isa = PBXFileReference; lastKnownFileType = text.plist.xml; path = Info.plist; sourceTree = "<group>"; };
		EEFA5BA61E55698D00EF5D14 /* banana.png */ = {isa = PBXFileReference; lastKnownFileType = image.png; path = banana.png; sourceTree = "<group>"; };
		EEFA5BA71E55698D00EF5D14 /* banana@2x.png */ = {isa = PBXFileReference; lastKnownFileType = image.png; path = "banana@2x.png"; sourceTree = "<group>"; };
		EEFA5BA81E55698D00EF5D14 /* chomp.caf */ = {isa = PBXFileReference; lastKnownFileType = file; path = chomp.caf; sourceTree = "<group>"; };
		EEFA5BA91E55698D00EF5D14 /* hehehe1.caf */ = {isa = PBXFileReference; lastKnownFileType = file; path = hehehe1.caf; sourceTree = "<group>"; };
		EEFA5BAA1E55698D00EF5D14 /* monkey.png */ = {isa = PBXFileReference; lastKnownFileType = image.png; path = monkey.png; sourceTree = "<group>"; };
		EEFA5BAB1E55698D00EF5D14 /* monkey@2x.png */ = {isa = PBXFileReference; lastKnownFileType = image.png; path = "monkey@2x.png"; sourceTree = "<group>"; };
		EEFA5BB21E55893100EF5D14 /* TickleGestureRecognizer.swift */ = {isa = PBXFileReference; fileEncoding = 4; lastKnownFileType = sourcecode.swift; path = TickleGestureRecognizer.swift; sourceTree = "<group>"; };
/* End PBXFileReference section */

/* Begin PBXFrameworksBuildPhase section */
		EEFA5B711E55696600EF5D14 /* Frameworks */ = {
			isa = PBXFrameworksBuildPhase;
			buildActionMask = 2147483647;
			files = (
			);
			runOnlyForDeploymentPostprocessing = 0;
		};
		EEFA5B851E55696700EF5D14 /* Frameworks */ = {
			isa = PBXFrameworksBuildPhase;
			buildActionMask = 2147483647;
			files = (
			);
			runOnlyForDeploymentPostprocessing = 0;
		};
		EEFA5B901E55696700EF5D14 /* Frameworks */ = {
			isa = PBXFrameworksBuildPhase;
			buildActionMask = 2147483647;
			files = (
			);
			runOnlyForDeploymentPostprocessing = 0;
		};
/* End PBXFrameworksBuildPhase section */

/* Begin PBXGroup section */
		EEFA5B6B1E55696600EF5D14 = {
			isa = PBXGroup;
			children = (
				EEFA5BB21E55893100EF5D14 /* TickleGestureRecognizer.swift */,
				EEFA5B761E55696600EF5D14 /* MonkeyPinch */,
				EEFA5B8B1E55696700EF5D14 /* MonkeyPinchTests */,
				EEFA5B961E55696700EF5D14 /* MonkeyPinchUITests */,
				EEFA5B751E55696600EF5D14 /* Products */,
			);
			sourceTree = "<group>";
		};
		EEFA5B751E55696600EF5D14 /* Products */ = {
			isa = PBXGroup;
			children = (
				EEFA5B741E55696600EF5D14 /* MonkeyPinch.app */,
				EEFA5B881E55696700EF5D14 /* MonkeyPinchTests.xctest */,
				EEFA5B931E55696700EF5D14 /* MonkeyPinchUITests.xctest */,
			);
			name = Products;
			sourceTree = "<group>";
		};
		EEFA5B761E55696600EF5D14 /* MonkeyPinch */ = {
			isa = PBXGroup;
			children = (
				EEFA5B771E55696700EF5D14 /* AppDelegate.swift */,
				EEFA5B791E55696700EF5D14 /* ViewController.swift */,
				EEFA5B7B1E55696700EF5D14 /* Main.storyboard */,
				EEFA5B7E1E55696700EF5D14 /* Assets.xcassets */,
				EEFA5BA51E55698D00EF5D14 /* MonkeyPinchResources */,
				EEFA5B801E55696700EF5D14 /* LaunchScreen.storyboard */,
				EEFA5B831E55696700EF5D14 /* Info.plist */,
			);
			path = MonkeyPinch;
			sourceTree = "<group>";
		};
		EEFA5B8B1E55696700EF5D14 /* MonkeyPinchTests */ = {
			isa = PBXGroup;
			children = (
				EEFA5B8C1E55696700EF5D14 /* MonkeyPinchTests.swift */,
				EEFA5B8E1E55696700EF5D14 /* Info.plist */,
			);
			path = MonkeyPinchTests;
			sourceTree = "<group>";
		};
		EEFA5B961E55696700EF5D14 /* MonkeyPinchUITests */ = {
			isa = PBXGroup;
			children = (
				EEFA5B971E55696700EF5D14 /* MonkeyPinchUITests.swift */,
				EEFA5B991E55696700EF5D14 /* Info.plist */,
			);
			path = MonkeyPinchUITests;
			sourceTree = "<group>";
		};
		EEFA5BA51E55698D00EF5D14 /* MonkeyPinchResources */ = {
			isa = PBXGroup;
			children = (
				EEFA5BA61E55698D00EF5D14 /* banana.png */,
				EEFA5BA71E55698D00EF5D14 /* banana@2x.png */,
				EEFA5BA81E55698D00EF5D14 /* chomp.caf */,
				EEFA5BA91E55698D00EF5D14 /* hehehe1.caf */,
				EEFA5BAA1E55698D00EF5D14 /* monkey.png */,
				EEFA5BAB1E55698D00EF5D14 /* monkey@2x.png */,
			);
			path = MonkeyPinchResources;
			sourceTree = "<group>";
		};
/* End PBXGroup section */

/* Begin PBXNativeTarget section */
		EEFA5B731E55696600EF5D14 /* MonkeyPinch */ = {
			isa = PBXNativeTarget;
			buildConfigurationList = EEFA5B9C1E55696700EF5D14 /* Build configuration list for PBXNativeTarget "MonkeyPinch" */;
			buildPhases = (
				EEFA5B701E55696600EF5D14 /* Sources */,
				EEFA5B711E55696600EF5D14 /* Frameworks */,
				EEFA5B721E55696600EF5D14 /* Resources */,
			);
			buildRules = (
			);
			dependencies = (
			);
			name = MonkeyPinch;
			productName = MonkeyPinch;
			productReference = EEFA5B741E55696600EF5D14 /* MonkeyPinch.app */;
			productType = "com.apple.product-type.application";
		};
		EEFA5B871E55696700EF5D14 /* MonkeyPinchTests */ = {
			isa = PBXNativeTarget;
			buildConfigurationList = EEFA5B9F1E55696700EF5D14 /* Build configuration list for PBXNativeTarget "MonkeyPinchTests" */;
			buildPhases = (
				EEFA5B841E55696700EF5D14 /* Sources */,
				EEFA5B851E55696700EF5D14 /* Frameworks */,
				EEFA5B861E55696700EF5D14 /* Resources */,
			);
			buildRules = (
			);
			dependencies = (
				EEFA5B8A1E55696700EF5D14 /* PBXTargetDependency */,
			);
			name = MonkeyPinchTests;
			productName = MonkeyPinchTests;
			productReference = EEFA5B881E55696700EF5D14 /* MonkeyPinchTests.xctest */;
			productType = "com.apple.product-type.bundle.unit-test";
		};
		EEFA5B921E55696700EF5D14 /* MonkeyPinchUITests */ = {
			isa = PBXNativeTarget;
			buildConfigurationList = EEFA5BA21E55696700EF5D14 /* Build configuration list for PBXNativeTarget "MonkeyPinchUITests" */;
			buildPhases = (
				EEFA5B8F1E55696700EF5D14 /* Sources */,
				EEFA5B901E55696700EF5D14 /* Frameworks */,
				EEFA5B911E55696700EF5D14 /* Resources */,
			);
			buildRules = (
			);
			dependencies = (
				EEFA5B951E55696700EF5D14 /* PBXTargetDependency */,
			);
			name = MonkeyPinchUITests;
			productName = MonkeyPinchUITests;
			productReference = EEFA5B931E55696700EF5D14 /* MonkeyPinchUITests.xctest */;
			productType = "com.apple.product-type.bundle.ui-testing";
		};
/* End PBXNativeTarget section */

/* Begin PBXProject section */
		EEFA5B6C1E55696600EF5D14 /* Project object */ = {
			isa = PBXProject;
			attributes = {
				LastSwiftUpdateCheck = 0820;
				LastUpgradeCheck = 0820;
				ORGANIZATIONNAME = "Abhijeet Mishra";
				TargetAttributes = {
					EEFA5B731E55696600EF5D14 = {
						CreatedOnToolsVersion = 8.2;
						DevelopmentTeam = 7G4HHVAG9A;
						ProvisioningStyle = Automatic;
					};
					EEFA5B871E55696700EF5D14 = {
						CreatedOnToolsVersion = 8.2;
						DevelopmentTeam = 7G4HHVAG9A;
						ProvisioningStyle = Automatic;
						TestTargetID = EEFA5B731E55696600EF5D14;
					};
					EEFA5B921E55696700EF5D14 = {
						CreatedOnToolsVersion = 8.2;
						DevelopmentTeam = 7G4HHVAG9A;
						ProvisioningStyle = Automatic;
						TestTargetID = EEFA5B731E55696600EF5D14;
					};
				};
			};
			buildConfigurationList = EEFA5B6F1E55696600EF5D14 /* Build configuration list for PBXProject "MonkeyPinch" */;
			compatibilityVersion = "Xcode 3.2";
			developmentRegion = English;
			hasScannedForEncodings = 0;
			knownRegions = (
				en,
				Base,
			);
			mainGroup = EEFA5B6B1E55696600EF5D14;
			productRefGroup = EEFA5B751E55696600EF5D14 /* Products */;
			projectDirPath = "";
			projectRoot = "";
			targets = (
				EEFA5B731E55696600EF5D14 /* MonkeyPinch */,
				EEFA5B871E55696700EF5D14 /* MonkeyPinchTests */,
				EEFA5B921E55696700EF5D14 /* MonkeyPinchUITests */,
			);
		};
/* End PBXProject section */

/* Begin PBXResourcesBuildPhase section */
		EEFA5B721E55696600EF5D14 /* Resources */ = {
			isa = PBXResourcesBuildPhase;
			buildActionMask = 2147483647;
			files = (
				EEFA5BB01E55698D00EF5D14 /* monkey.png in Resources */,
				EEFA5BAE1E55698D00EF5D14 /* chomp.caf in Resources */,
				EEFA5B821E55696700EF5D14 /* LaunchScreen.storyboard in Resources */,
				EEFA5B7F1E55696700EF5D14 /* Assets.xcassets in Resources */,
				EEFA5BB11E55698D00EF5D14 /* monkey@2x.png in Resources */,
				EEFA5BAD1E55698D00EF5D14 /* banana@2x.png in Resources */,
				EEFA5BAC1E55698D00EF5D14 /* banana.png in Resources */,
				EEFA5B7D1E55696700EF5D14 /* Main.storyboard in Resources */,
				EEFA5BAF1E55698D00EF5D14 /* hehehe1.caf in Resources */,
			);
			runOnlyForDeploymentPostprocessing = 0;
		};
		EEFA5B861E55696700EF5D14 /* Resources */ = {
			isa = PBXResourcesBuildPhase;
			buildActionMask = 2147483647;
			files = (
			);
			runOnlyForDeploymentPostprocessing = 0;
		};
		EEFA5B911E55696700EF5D14 /* Resources */ = {
			isa = PBXResourcesBuildPhase;
			buildActionMask = 2147483647;
			files = (
			);
			runOnlyForDeploymentPostprocessing = 0;
		};
/* End PBXResourcesBuildPhase section */

/* Begin PBXSourcesBuildPhase section */
		EEFA5B701E55696600EF5D14 /* Sources */ = {
			isa = PBXSourcesBuildPhase;
			buildActionMask = 2147483647;
			files = (
				EEFA5B7A1E55696700EF5D14 /* ViewController.swift in Sources */,
				EEFA5BB31E55893100EF5D14 /* TickleGestureRecognizer.swift in Sources */,
				EEFA5B781E55696700EF5D14 /* AppDelegate.swift in Sources */,
			);
			runOnlyForDeploymentPostprocessing = 0;
		};
		EEFA5B841E55696700EF5D14 /* Sources */ = {
			isa = PBXSourcesBuildPhase;
			buildActionMask = 2147483647;
			files = (
				EEFA5B8D1E55696700EF5D14 /* MonkeyPinchTests.swift in Sources */,
			);
			runOnlyForDeploymentPostprocessing = 0;
		};
		EEFA5B8F1E55696700EF5D14 /* Sources */ = {
			isa = PBXSourcesBuildPhase;
			buildActionMask = 2147483647;
			files = (
				EEFA5B981E55696700EF5D14 /* MonkeyPinchUITests.swift in Sources */,
			);
			runOnlyForDeploymentPostprocessing = 0;
		};
/* End PBXSourcesBuildPhase section */

/* Begin PBXTargetDependency section */
		EEFA5B8A1E55696700EF5D14 /* PBXTargetDependency */ = {
			isa = PBXTargetDependency;
			target = EEFA5B731E55696600EF5D14 /* MonkeyPinch */;
			targetProxy = EEFA5B891E55696700EF5D14 /* PBXContainerItemProxy */;
		};
		EEFA5B951E55696700EF5D14 /* PBXTargetDependency */ = {
			isa = PBXTargetDependency;
			target = EEFA5B731E55696600EF5D14 /* MonkeyPinch */;
			targetProxy = EEFA5B941E55696700EF5D14 /* PBXContainerItemProxy */;
		};
/* End PBXTargetDependency section */

/* Begin PBXVariantGroup section */
		EEFA5B7B1E55696700EF5D14 /* Main.storyboard */ = {
			isa = PBXVariantGroup;
			children = (
				EEFA5B7C1E55696700EF5D14 /* Base */,
			);
			name = Main.storyboard;
			sourceTree = "<group>";
		};
		EEFA5B801E55696700EF5D14 /* LaunchScreen.storyboard */ = {
			isa = PBXVariantGroup;
			children = (
				EEFA5B811E55696700EF5D14 /* Base */,
			);
			name = LaunchScreen.storyboard;
			sourceTree = "<group>";
		};
/* End PBXVariantGroup section */

/* Begin XCBuildConfiguration section */
		EEFA5B9A1E55696700EF5D14 /* Debug */ = {
			isa = XCBuildConfiguration;
			buildSettings = {
				ALWAYS_SEARCH_USER_PATHS = NO;
				CLANG_ANALYZER_NONNULL = YES;
				CLANG_CXX_LANGUAGE_STANDARD = "gnu++0x";
				CLANG_CXX_LIBRARY = "libc++";
				CLANG_ENABLE_MODULES = YES;
				CLANG_ENABLE_OBJC_ARC = YES;
				CLANG_WARN_BOOL_CONVERSION = YES;
				CLANG_WARN_CONSTANT_CONVERSION = YES;
				CLANG_WARN_DIRECT_OBJC_ISA_USAGE = YES_ERROR;
				CLANG_WARN_DOCUMENTATION_COMMENTS = YES;
				CLANG_WARN_EMPTY_BODY = YES;
				CLANG_WARN_ENUM_CONVERSION = YES;
				CLANG_WARN_INFINITE_RECURSION = YES;
				CLANG_WARN_INT_CONVERSION = YES;
				CLANG_WARN_OBJC_ROOT_CLASS = YES_ERROR;
				CLANG_WARN_SUSPICIOUS_MOVE = YES;
				CLANG_WARN_UNREACHABLE_CODE = YES;
				CLANG_WARN__DUPLICATE_METHOD_MATCH = YES;
				"CODE_SIGN_IDENTITY[sdk=iphoneos*]" = "iPhone Developer";
				COPY_PHASE_STRIP = NO;
				DEBUG_INFORMATION_FORMAT = dwarf;
				ENABLE_STRICT_OBJC_MSGSEND = YES;
				ENABLE_TESTABILITY = YES;
				GCC_C_LANGUAGE_STANDARD = gnu99;
				GCC_DYNAMIC_NO_PIC = NO;
				GCC_NO_COMMON_BLOCKS = YES;
				GCC_OPTIMIZATION_LEVEL = 0;
				GCC_PREPROCESSOR_DEFINITIONS = (
					"DEBUG=1",
					"$(inherited)",
				);
				GCC_WARN_64_TO_32_BIT_CONVERSION = YES;
				GCC_WARN_ABOUT_RETURN_TYPE = YES_ERROR;
				GCC_WARN_UNDECLARED_SELECTOR = YES;
				GCC_WARN_UNINITIALIZED_AUTOS = YES_AGGRESSIVE;
				GCC_WARN_UNUSED_FUNCTION = YES;
				GCC_WARN_UNUSED_VARIABLE = YES;
				IPHONEOS_DEPLOYMENT_TARGET = 10.2;
				MTL_ENABLE_DEBUG_INFO = YES;
				ONLY_ACTIVE_ARCH = YES;
				SDKROOT = iphoneos;
				SWIFT_ACTIVE_COMPILATION_CONDITIONS = DEBUG;
				SWIFT_OPTIMIZATION_LEVEL = "-Onone";
			};
			name = Debug;
		};
		EEFA5B9B1E55696700EF5D14 /* Release */ = {
			isa = XCBuildConfiguration;
			buildSettings = {
				ALWAYS_SEARCH_USER_PATHS = NO;
				CLANG_ANALYZER_NONNULL = YES;
				CLANG_CXX_LANGUAGE_STANDARD = "gnu++0x";
				CLANG_CXX_LIBRARY = "libc++";
				CLANG_ENABLE_MODULES = YES;
				CLANG_ENABLE_OBJC_ARC = YES;
				CLANG_WARN_BOOL_CONVERSION = YES;
				CLANG_WARN_CONSTANT_CONVERSION = YES;
				CLANG_WARN_DIRECT_OBJC_ISA_USAGE = YES_ERROR;
				CLANG_WARN_DOCUMENTATION_COMMENTS = YES;
				CLANG_WARN_EMPTY_BODY = YES;
				CLANG_WARN_ENUM_CONVERSION = YES;
				CLANG_WARN_INFINITE_RECURSION = YES;
				CLANG_WARN_INT_CONVERSION = YES;
				CLANG_WARN_OBJC_ROOT_CLASS = YES_ERROR;
				CLANG_WARN_SUSPICIOUS_MOVE = YES;
				CLANG_WARN_UNREACHABLE_CODE = YES;
				CLANG_WARN__DUPLICATE_METHOD_MATCH = YES;
				"CODE_SIGN_IDENTITY[sdk=iphoneos*]" = "iPhone Developer";
				COPY_PHASE_STRIP = NO;
				DEBUG_INFORMATION_FORMAT = "dwarf-with-dsym";
				ENABLE_NS_ASSERTIONS = NO;
				ENABLE_STRICT_OBJC_MSGSEND = YES;
				GCC_C_LANGUAGE_STANDARD = gnu99;
				GCC_NO_COMMON_BLOCKS = YES;
				GCC_WARN_64_TO_32_BIT_CONVERSION = YES;
				GCC_WARN_ABOUT_RETURN_TYPE = YES_ERROR;
				GCC_WARN_UNDECLARED_SELECTOR = YES;
				GCC_WARN_UNINITIALIZED_AUTOS = YES_AGGRESSIVE;
				GCC_WARN_UNUSED_FUNCTION = YES;
				GCC_WARN_UNUSED_VARIABLE = YES;
				IPHONEOS_DEPLOYMENT_TARGET = 10.2;
				MTL_ENABLE_DEBUG_INFO = NO;
				SDKROOT = iphoneos;
				SWIFT_OPTIMIZATION_LEVEL = "-Owholemodule";
				VALIDATE_PRODUCT = YES;
			};
			name = Release;
		};
		EEFA5B9D1E55696700EF5D14 /* Debug */ = {
			isa = XCBuildConfiguration;
			buildSettings = {
				ASSETCATALOG_COMPILER_APPICON_NAME = AppIcon;
				DEVELOPMENT_TEAM = 7G4HHVAG9A;
				INFOPLIST_FILE = MonkeyPinch/Info.plist;
				IPHONEOS_DEPLOYMENT_TARGET = 10.0;
				LD_RUNPATH_SEARCH_PATHS = "$(inherited) @executable_path/Frameworks";
				PRODUCT_BUNDLE_IDENTIFIER = com.abhijeet.MonkeyPinch;
				PRODUCT_NAME = "$(TARGET_NAME)";
				SWIFT_VERSION = 3.0;
			};
			name = Debug;
		};
		EEFA5B9E1E55696700EF5D14 /* Release */ = {
			isa = XCBuildConfiguration;
			buildSettings = {
				ASSETCATALOG_COMPILER_APPICON_NAME = AppIcon;
				DEVELOPMENT_TEAM = 7G4HHVAG9A;
				INFOPLIST_FILE = MonkeyPinch/Info.plist;
				IPHONEOS_DEPLOYMENT_TARGET = 10.0;
				LD_RUNPATH_SEARCH_PATHS = "$(inherited) @executable_path/Frameworks";
				PRODUCT_BUNDLE_IDENTIFIER = com.abhijeet.MonkeyPinch;
				PRODUCT_NAME = "$(TARGET_NAME)";
				SWIFT_VERSION = 3.0;
			};
			name = Release;
		};
		EEFA5BA01E55696700EF5D14 /* Debug */ = {
			isa = XCBuildConfiguration;
			buildSettings = {
				ALWAYS_EMBED_SWIFT_STANDARD_LIBRARIES = YES;
				BUNDLE_LOADER = "$(TEST_HOST)";
				DEVELOPMENT_TEAM = 7G4HHVAG9A;
				INFOPLIST_FILE = MonkeyPinchTests/Info.plist;
				LD_RUNPATH_SEARCH_PATHS = "$(inherited) @executable_path/Frameworks @loader_path/Frameworks";
				PRODUCT_BUNDLE_IDENTIFIER = com.abhijeet.MonkeyPinchTests;
				PRODUCT_NAME = "$(TARGET_NAME)";
				SWIFT_VERSION = 3.0;
				TEST_HOST = "$(BUILT_PRODUCTS_DIR)/MonkeyPinch.app/MonkeyPinch";
			};
			name = Debug;
		};
		EEFA5BA11E55696700EF5D14 /* Release */ = {
			isa = XCBuildConfiguration;
			buildSettings = {
				ALWAYS_EMBED_SWIFT_STANDARD_LIBRARIES = YES;
				BUNDLE_LOADER = "$(TEST_HOST)";
				DEVELOPMENT_TEAM = 7G4HHVAG9A;
				INFOPLIST_FILE = MonkeyPinchTests/Info.plist;
				LD_RUNPATH_SEARCH_PATHS = "$(inherited) @executable_path/Frameworks @loader_path/Frameworks";
				PRODUCT_BUNDLE_IDENTIFIER = com.abhijeet.MonkeyPinchTests;
				PRODUCT_NAME = "$(TARGET_NAME)";
				SWIFT_VERSION = 3.0;
				TEST_HOST = "$(BUILT_PRODUCTS_DIR)/MonkeyPinch.app/MonkeyPinch";
			};
			name = Release;
		};
		EEFA5BA31E55696700EF5D14 /* Debug */ = {
			isa = XCBuildConfiguration;
			buildSettings = {
				ALWAYS_EMBED_SWIFT_STANDARD_LIBRARIES = YES;
				DEVELOPMENT_TEAM = 7G4HHVAG9A;
				INFOPLIST_FILE = MonkeyPinchUITests/Info.plist;
				LD_RUNPATH_SEARCH_PATHS = "$(inherited) @executable_path/Frameworks @loader_path/Frameworks";
				PRODUCT_BUNDLE_IDENTIFIER = com.abhijeet.MonkeyPinchUITests;
				PRODUCT_NAME = "$(TARGET_NAME)";
				SWIFT_VERSION = 3.0;
				TEST_TARGET_NAME = MonkeyPinch;
			};
			name = Debug;
		};
		EEFA5BA41E55696700EF5D14 /* Release */ = {
			isa = XCBuildConfiguration;
			buildSettings = {
				ALWAYS_EMBED_SWIFT_STANDARD_LIBRARIES = YES;
				DEVELOPMENT_TEAM = 7G4HHVAG9A;
				INFOPLIST_FILE = MonkeyPinchUITests/Info.plist;
				LD_RUNPATH_SEARCH_PATHS = "$(inherited) @executable_path/Frameworks @loader_path/Frameworks";
				PRODUCT_BUNDLE_IDENTIFIER = com.abhijeet.MonkeyPinchUITests;
				PRODUCT_NAME = "$(TARGET_NAME)";
				SWIFT_VERSION = 3.0;
				TEST_TARGET_NAME = MonkeyPinch;
			};
			name = Release;
		};
/* End XCBuildConfiguration section */

/* Begin XCConfigurationList section */
		EEFA5B6F1E55696600EF5D14 /* Build configuration list for PBXProject "MonkeyPinch" */ = {
			isa = XCConfigurationList;
			buildConfigurations = (
				EEFA5B9A1E55696700EF5D14 /* Debug */,
				EEFA5B9B1E55696700EF5D14 /* Release */,
			);
			defaultConfigurationIsVisible = 0;
			defaultConfigurationName = Release;
		};
		EEFA5B9C1E55696700EF5D14 /* Build configuration list for PBXNativeTarget "MonkeyPinch" */ = {
			isa = XCConfigurationList;
			buildConfigurations = (
				EEFA5B9D1E55696700EF5D14 /* Debug */,
				EEFA5B9E1E55696700EF5D14 /* Release */,
			);
			defaultConfigurationIsVisible = 0;
		};
		EEFA5B9F1E55696700EF5D14 /* Build configuration list for PBXNativeTarget "MonkeyPinchTests" */ = {
			isa = XCConfigurationList;
			buildConfigurations = (
				EEFA5BA01E55696700EF5D14 /* Debug */,
				EEFA5BA11E55696700EF5D14 /* Release */,
			);
			defaultConfigurationIsVisible = 0;
		};
		EEFA5BA21E55696700EF5D14 /* Build configuration list for PBXNativeTarget "MonkeyPinchUITests" */ = {
			isa = XCConfigurationList;
			buildConfigurations = (
				EEFA5BA31E55696700EF5D14 /* Debug */,
				EEFA5BA41E55696700EF5D14 /* Release */,
			);
			defaultConfigurationIsVisible = 0;
		};
/* End XCConfigurationList section */
	};
	rootObject = EEFA5B6C1E55696600EF5D14 /* Project object */;
}
